lockfileVersion: '9.0'

settings:
  autoInstallPeers: true
  excludeLinksFromLockfile: false

importers:

  .:
    devDependencies:
      '@swc-node/register':
        specifier: 1.10.9
        version: 1.10.9(@swc/core@1.9.3)(@swc/types@0.1.17)(typescript@5.7.2)
      '@types/node':
        specifier: 22.10.1
        version: 22.10.1
      typescript:
        specifier: 5.7.2
        version: 5.7.2

packages:

  '@emnapi/core@1.3.1':
    resolution: {integrity: sha512-pVGjBIt1Y6gg3EJN8jTcfpP/+uuRksIo055oE/OBkDNcjZqVbfkWCksG1Jp4yZnj3iKWyWX8fdG/j6UDYPbFog==}

  '@emnapi/runtime@1.3.1':
    resolution: {integrity: sha512-kEBmG8KyqtxJZv+ygbEim+KCGtIq1fC22Ms3S4ziXmYKm8uyoLX0MHONVKwp+9opg390VaKRNt4a7A9NwmpNhw==}

  '@emnapi/wasi-threads@1.0.1':
    resolution: {integrity: sha512-iIBu7mwkq4UQGeMEM8bLwNK962nXdhodeScX4slfQnRhEMMzvYivHhutCIk8uojvmASXXPC2WNEjwxFWk72Oqw==}

  '@napi-rs/wasm-runtime@0.2.5':
    resolution: {integrity: sha512-kwUxR7J9WLutBbulqg1dfOrMTwhMdXLdcGUhcbCcGwnPLt3gz19uHVdwH1syKVDbE022ZS2vZxOWflFLS0YTjw==}

  '@oxc-resolver/binding-darwin-arm64@1.12.0':
    resolution: {integrity: sha512-wYe+dlF8npM7cwopOOxbdNjtmJp17e/xF5c0K2WooQXy5VOh74icydM33+Uh/SZDgwyum09/U1FVCX5GdeQk+A==}
    cpu: [arm64]
    os: [darwin]

  '@oxc-resolver/binding-darwin-x64@1.12.0':
    resolution: {integrity: sha512-FZxxp99om+SlvBr1cjzF8A3TjYcS0BInCqjUlM+2f9m9bPTR2Bng9Zq5Q09ZQyrKJjfGKqlOEHs3akuVOnrx3Q==}
    cpu: [x64]
    os: [darwin]

  '@oxc-resolver/binding-freebsd-x64@1.12.0':
    resolution: {integrity: sha512-BZi0iU6IEOnXGSkqt1OjTTkN9wfyaK6kTpQwL/axl8eCcNDc7wbv1vloHgILf7ozAY1TP75nsLYlASYI4B5kGA==}
    cpu: [x64]
    os: [freebsd]

  '@oxc-resolver/binding-linux-arm-gnueabihf@1.12.0':
    resolution: {integrity: sha512-L2qnMEnZAqxbG9b1J3di/w/THIm+1fMVfbbTMWIQNMMXdMeqqDN6ojnOLDtuP564rAh4TBFPdLyEfGhMz6ipNA==}
    cpu: [arm]
    os: [linux]

  '@oxc-resolver/binding-linux-arm64-gnu@1.12.0':
    resolution: {integrity: sha512-otVbS4zeo3n71zgGLBYRTriDzc0zpruC0WI3ICwjpIk454cLwGV0yzh4jlGYWQJYJk0BRAmXFd3ooKIF+bKBHw==}
    cpu: [arm64]
    os: [linux]

  '@oxc-resolver/binding-linux-arm64-musl@1.12.0':
    resolution: {integrity: sha512-IStQDjIT7Lzmqg1i9wXvPL/NsYsxF24WqaQFS8b8rxra+z0VG7saBOsEnOaa4jcEY8MVpLYabFhTV+fSsA2vnA==}
    cpu: [arm64]
    os: [linux]

  '@oxc-resolver/binding-linux-x64-gnu@1.12.0':
    resolution: {integrity: sha512-SipT7EVORz8pOQSFwemOm91TpSiBAGmOjG830/o+aLEsvQ4pEy223+SAnCfITh7+AahldYsJnVoIs519jmIlKQ==}
    cpu: [x64]
    os: [linux]

  '@oxc-resolver/binding-linux-x64-musl@1.12.0':
    resolution: {integrity: sha512-mGh0XfUzKdn+WFaqPacziNraCWL5znkHRfQVxG9avGS9zb2KC/N1EBbPzFqutDwixGDP54r2gx4q54YCJEZ4iQ==}
    cpu: [x64]
    os: [linux]

  '@oxc-resolver/binding-wasm32-wasi@1.12.0':
    resolution: {integrity: sha512-SZN6v7apKmQf/Vwiqb6e/s3Y2Oacw8uW8V2i1AlxtyaEFvnFE0UBn89zq6swEwE3OCajNWs0yPvgAXUMddYc7Q==}
    engines: {node: '>=14.0.0'}
    cpu: [wasm32]

  '@oxc-resolver/binding-win32-arm64-msvc@1.12.0':
    resolution: {integrity: sha512-GRe4bqCfFsyghruEn5bv47s9w3EWBdO2q72xCz5kpQ0LWbw+enPHtTjw3qX5PUcFYpKykM55FaO0hFDs1yzatw==}
    cpu: [arm64]
    os: [win32]

  '@oxc-resolver/binding-win32-x64-msvc@1.12.0':
    resolution: {integrity: sha512-Z3llHH0jfJP4mlWq3DT7bK6qV+/vYe0+xzCgfc67+Tc/U3eYndujl880bexeGdGNPh87JeYznpZAOJ44N7QVVQ==}
    cpu: [x64]
    os: [win32]

  '@swc-node/core@1.13.3':
    resolution: {integrity: sha512-OGsvXIid2Go21kiNqeTIn79jcaX4l0G93X2rAnas4LFoDyA9wAwVK7xZdm+QsKoMn5Mus2yFLCc4OtX2dD/PWA==}
    engines: {node: '>= 10'}
    peerDependencies:
      '@swc/core': '>= 1.4.13'
      '@swc/types': '>= 0.1'

  '@swc-node/register@1.10.9':
    resolution: {integrity: sha512-iXy2sjP0phPEpK2yivjRC3PAgoLaT4sjSk0LDWCTdcTBJmR4waEog0E6eJbvoOkLkOtWw37SB8vCkl/bbh4+8A==}
    peerDependencies:
      '@swc/core': '>= 1.4.13'
      typescript: '>= 4.3'

  '@swc-node/sourcemap-support@0.5.1':
    resolution: {integrity: sha512-JxIvIo/Hrpv0JCHSyRpetAdQ6lB27oFYhv0PKCNf1g2gUXOjpeR1exrXccRxLMuAV5WAmGFBwRnNOJqN38+qtg==}

  '@swc/core-darwin-arm64@1.9.3':
    resolution: {integrity: sha512-hGfl/KTic/QY4tB9DkTbNuxy5cV4IeejpPD4zo+Lzt4iLlDWIeANL4Fkg67FiVceNJboqg48CUX+APhDHO5G1w==}
    engines: {node: '>=10'}
    cpu: [arm64]
    os: [darwin]

  '@swc/core-darwin-x64@1.9.3':
    resolution: {integrity: sha512-IaRq05ZLdtgF5h9CzlcgaNHyg4VXuiStnOFpfNEMuI5fm5afP2S0FHq8WdakUz5WppsbddTdplL+vpeApt/WCQ==}
    engines: {node: '>=10'}
    cpu: [x64]
    os: [darwin]

  '@swc/core-linux-arm-gnueabihf@1.9.3':
    resolution: {integrity: sha512-Pbwe7xYprj/nEnZrNBvZfjnTxlBIcfApAGdz2EROhjpPj+FBqBa3wOogqbsuGGBdCphf8S+KPprL1z+oDWkmSQ==}
    engines: {node: '>=10'}
    cpu: [arm]
    os: [linux]

  '@swc/core-linux-arm64-gnu@1.9.3':
    resolution: {integrity: sha512-AQ5JZiwNGVV/2K2TVulg0mw/3LYfqpjZO6jDPtR2evNbk9Yt57YsVzS+3vHSlUBQDRV9/jqMuZYVU3P13xrk+g==}
    engines: {node: '>=10'}
    cpu: [arm64]
    os: [linux]

  '@swc/core-linux-arm64-musl@1.9.3':
    resolution: {integrity: sha512-tzVH480RY6RbMl/QRgh5HK3zn1ZTFsThuxDGo6Iuk1MdwIbdFYUY034heWUTI4u3Db97ArKh0hNL0xhO3+PZdg==}
    engines: {node: '>=10'}
    cpu: [arm64]
    os: [linux]

  '@swc/core-linux-x64-gnu@1.9.3':
    resolution: {integrity: sha512-ivXXBRDXDc9k4cdv10R21ccBmGebVOwKXT/UdH1PhxUn9m/h8erAWjz5pcELwjiMf27WokqPgaWVfaclDbgE+w==}
    engines: {node: '>=10'}
    cpu: [x64]
    os: [linux]

  '@swc/core-linux-x64-musl@1.9.3':
    resolution: {integrity: sha512-ILsGMgfnOz1HwdDz+ZgEuomIwkP1PHT6maigZxaCIuC6OPEhKE8uYna22uU63XvYcLQvZYDzpR3ms47WQPuNEg==}
    engines: {node: '>=10'}
    cpu: [x64]
    os: [linux]

  '@swc/core-win32-arm64-msvc@1.9.3':
    resolution: {integrity: sha512-e+XmltDVIHieUnNJHtspn6B+PCcFOMYXNJB1GqoCcyinkEIQNwC8KtWgMqUucUbEWJkPc35NHy9k8aCXRmw9Kg==}
    engines: {node: '>=10'}
    cpu: [arm64]
    os: [win32]

  '@swc/core-win32-ia32-msvc@1.9.3':
    resolution: {integrity: sha512-rqpzNfpAooSL4UfQnHhkW8aL+oyjqJniDP0qwZfGnjDoJSbtPysHg2LpcOBEdSnEH+uIZq6J96qf0ZFD8AGfXA==}
    engines: {node: '>=10'}
    cpu: [ia32]
    os: [win32]

  '@swc/core-win32-x64-msvc@1.9.3':
    resolution: {integrity: sha512-3YJJLQ5suIEHEKc1GHtqVq475guiyqisKSoUnoaRtxkDaW5g1yvPt9IoSLOe2mRs7+FFhGGU693RsBUSwOXSdQ==}
    engines: {node: '>=10'}
    cpu: [x64]
    os: [win32]

  '@swc/core@1.9.3':
    resolution: {integrity: sha512-oRj0AFePUhtatX+BscVhnzaAmWjpfAeySpM1TCbxA1rtBDeH/JDhi5yYzAKneDYtVtBvA7ApfeuzhMC9ye4xSg==}
    engines: {node: '>=10'}
    peerDependencies:
      '@swc/helpers': '*'
    peerDependenciesMeta:
      '@swc/helpers':
        optional: true

  '@swc/counter@0.1.3':
    resolution: {integrity: sha512-e2BR4lsJkkRlKZ/qCHPw9ZaSxc0MVUd7gtbtaB7aMvHeJVYe8sOB8DBZkP2DtISHGSku9sCK6T6cnY0CtXrOCQ==}

  '@swc/types@0.1.17':
    resolution: {integrity: sha512-V5gRru+aD8YVyCOMAjMpWR1Ui577DD5KSJsHP8RAxopAH22jFz6GZd/qxqjO6MJHQhcsjvjOFXyDhyLQUnMveQ==}

  '@tybys/wasm-util@0.9.0':
    resolution: {integrity: sha512-6+7nlbMVX/PVDCwaIQ8nTOPveOcFLSt8GcXdx8hD0bt39uWxYT88uXzqTd4fTvqta7oeUJqudepapKNt2DYJFw==}

  '@types/node@22.10.1':
    resolution: {integrity: sha512-qKgsUwfHZV2WCWLAnVP1JqnpE6Im6h3Y0+fYgMTasNQ7V++CBX5OT1as0g0f+OyubbFqhf6XVNIsmN4IIhEgGQ==}

  buffer-from@1.1.2:
    resolution: {integrity: sha512-E+XQCRwSbaaiChtv6k6Dwgc+bx+Bs6vuKJHHl5kox/BaKbhiXzqQOwK4cO22yElGp2OCmjwVhT3HmxgyPGnJfQ==}

  colorette@2.0.20:
    resolution: {integrity: sha512-IfEDxwoWIjkeXL1eXcDiow4UbKjhLdq6/EuSVR9GMN7KVH3r9gQ83e73hsz1Nd1T3ijd5xv1wcWRYO+D6kCI2w==}

  debug@4.3.7:
    resolution: {integrity: sha512-Er2nc/H7RrMXZBFCEim6TCmMk02Z8vLC2Rbi1KEBggpo0fS6l0S1nnapwmIi3yW/+GOJap1Krg4w0Hg80oCqgQ==}
    engines: {node: '>=6.0'}
    peerDependencies:
      supports-color: '*'
    peerDependenciesMeta:
      supports-color:
        optional: true

  ms@2.1.3:
    resolution: {integrity: sha512-6FlzubTLZG3J2a/NVCAleEhjzq5oxgHyaCU9yYXvcLsvoVaHJq/s5xXI6/XXP6tz7R9xAOtHnSO/tXtF3WRTlA==}

  oxc-resolver@1.12.0:
    resolution: {integrity: sha512-YlaCIArvWNKCWZFRrMjhh2l5jK80eXnpYP+bhRc1J/7cW3TiyEY0ngJo73o/5n8hA3+4yLdTmXLNTQ3Ncz50LQ==}

  pirates@4.0.6:
    resolution: {integrity: sha512-saLsH7WeYYPiD25LDuLRRY/i+6HaPYr6G1OUlN39otzkSTxKnubR9RTxS3/Kk50s1g2JTgFwWQDQyplC5/SHZg==}
    engines: {node: '>= 6'}

  source-map-support@0.5.21:
    resolution: {integrity: sha512-uBHU3L3czsIyYXKX88fdrGovxdSCoTGDRZ6SYXtSRxLZUzHg5P/66Ht6uoUlHu9EZod+inXhKo3qQgwXUT/y1w==}

  source-map@0.6.1:
    resolution: {integrity: sha512-UjgapumWlbMhkBgzT7Ykc5YXUT46F0iKu8SGXq0bcwP5dz/h0Plj6enJqjz1Zbq2l5WaqYnrVbwWOWMyF3F47g==}
    engines: {node: '>=0.10.0'}

  tslib@2.8.1:
    resolution: {integrity: sha512-oJFu94HQb+KVduSUQL7wnpmqnfmLsOA/nAh6b6EH0wCEoK0/mPeXU6c3wKDV83MkOuHPRHtSXKKU99IBazS/2w==}

  typescript@5.7.2:
    resolution: {integrity: sha512-i5t66RHxDvVN40HfDd1PsEThGNnlMCMT3jMUuoh9/0TaqWevNontacunWyN02LA9/fIbEWlcHZcgTKb9QoaLfg==}
    engines: {node: '>=14.17'}
    hasBin: true

  undici-types@6.20.0:
    resolution: {integrity: sha512-Ny6QZ2Nju20vw1SRHe3d9jVu6gJ+4e3+MMpqu7pqE5HT6WsTSlce++GQmK5UXS8mzV8DSYHrQH+Xrf2jVcuKNg==}

snapshots:

  '@emnapi/core@1.3.1':
    dependencies:
      '@emnapi/wasi-threads': 1.0.1
      tslib: 2.8.1
    optional: true

  '@emnapi/runtime@1.3.1':
    dependencies:
      tslib: 2.8.1
    optional: true

  '@emnapi/wasi-threads@1.0.1':
    dependencies:
      tslib: 2.8.1
    optional: true

  '@napi-rs/wasm-runtime@0.2.5':
    dependencies:
      '@emnapi/core': 1.3.1
      '@emnapi/runtime': 1.3.1
      '@tybys/wasm-util': 0.9.0
    optional: true

  '@oxc-resolver/binding-darwin-arm64@1.12.0':
    optional: true

  '@oxc-resolver/binding-darwin-x64@1.12.0':
    optional: true

  '@oxc-resolver/binding-freebsd-x64@1.12.0':
    optional: true

  '@oxc-resolver/binding-linux-arm-gnueabihf@1.12.0':
    optional: true

  '@oxc-resolver/binding-linux-arm64-gnu@1.12.0':
    optional: true

  '@oxc-resolver/binding-linux-arm64-musl@1.12.0':
    optional: true

  '@oxc-resolver/binding-linux-x64-gnu@1.12.0':
    optional: true

  '@oxc-resolver/binding-linux-x64-musl@1.12.0':
    optional: true

  '@oxc-resolver/binding-wasm32-wasi@1.12.0':
    dependencies:
      '@napi-rs/wasm-runtime': 0.2.5
    optional: true

  '@oxc-resolver/binding-win32-arm64-msvc@1.12.0':
    optional: true

  '@oxc-resolver/binding-win32-x64-msvc@1.12.0':
    optional: true

  '@swc-node/core@1.13.3(@swc/core@1.9.3)(@swc/types@0.1.17)':
    dependencies:
      '@swc/core': 1.9.3
      '@swc/types': 0.1.17

  '@swc-node/register@1.10.9(@swc/core@1.9.3)(@swc/types@0.1.17)(typescript@5.7.2)':
    dependencies:
      '@swc-node/core': 1.13.3(@swc/core@1.9.3)(@swc/types@0.1.17)
      '@swc-node/sourcemap-support': 0.5.1
      '@swc/core': 1.9.3
      colorette: 2.0.20
      debug: 4.3.7
      oxc-resolver: 1.12.0
      pirates: 4.0.6
      tslib: 2.8.1
      typescript: 5.7.2
    transitivePeerDependencies:
      - '@swc/types'
      - supports-color

  '@swc-node/sourcemap-support@0.5.1':
    dependencies:
      source-map-support: 0.5.21
      tslib: 2.8.1

  '@swc/core-darwin-arm64@1.9.3':
    optional: true

  '@swc/core-darwin-x64@1.9.3':
    optional: true

  '@swc/core-linux-arm-gnueabihf@1.9.3':
    optional: true

  '@swc/core-linux-arm64-gnu@1.9.3':
    optional: true

  '@swc/core-linux-arm64-musl@1.9.3':
    optional: true

  '@swc/core-linux-x64-gnu@1.9.3':
    optional: true

  '@swc/core-linux-x64-musl@1.9.3':
    optional: true

  '@swc/core-win32-arm64-msvc@1.9.3':
    optional: true

  '@swc/core-win32-ia32-msvc@1.9.3':
    optional: true

  '@swc/core-win32-x64-msvc@1.9.3':
    optional: true

  '@swc/core@1.9.3':
    dependencies:
      '@swc/counter': 0.1.3
      '@swc/types': 0.1.17
    optionalDependencies:
      '@swc/core-darwin-arm64': 1.9.3
      '@swc/core-darwin-x64': 1.9.3
      '@swc/core-linux-arm-gnueabihf': 1.9.3
      '@swc/core-linux-arm64-gnu': 1.9.3
      '@swc/core-linux-arm64-musl': 1.9.3
      '@swc/core-linux-x64-gnu': 1.9.3
      '@swc/core-linux-x64-musl': 1.9.3
      '@swc/core-win32-arm64-msvc': 1.9.3
      '@swc/core-win32-ia32-msvc': 1.9.3
      '@swc/core-win32-x64-msvc': 1.9.3

  '@swc/counter@0.1.3': {}

  '@swc/types@0.1.17':
    dependencies:
      '@swc/counter': 0.1.3

  '@tybys/wasm-util@0.9.0':
    dependencies:
      tslib: 2.8.1
    optional: true

  '@types/node@22.10.1':
    dependencies:
      undici-types: 6.20.0

  buffer-from@1.1.2: {}

  colorette@2.0.20: {}

  debug@4.3.7:
    dependencies:
      ms: 2.1.3

  ms@2.1.3: {}

  oxc-resolver@1.12.0:
    optionalDependencies:
      '@oxc-resolver/binding-darwin-arm64': 1.12.0
      '@oxc-resolver/binding-darwin-x64': 1.12.0
      '@oxc-resolver/binding-freebsd-x64': 1.12.0
      '@oxc-resolver/binding-linux-arm-gnueabihf': 1.12.0
      '@oxc-resolver/binding-linux-arm64-gnu': 1.12.0
      '@oxc-resolver/binding-linux-arm64-musl': 1.12.0
      '@oxc-resolver/binding-linux-x64-gnu': 1.12.0
      '@oxc-resolver/binding-linux-x64-musl': 1.12.0
      '@oxc-resolver/binding-wasm32-wasi': 1.12.0
      '@oxc-resolver/binding-win32-arm64-msvc': 1.12.0
      '@oxc-resolver/binding-win32-x64-msvc': 1.12.0

  pirates@4.0.6: {}

  source-map-support@0.5.21:
    dependencies:
      buffer-from: 1.1.2
      source-map: 0.6.1

  source-map@0.6.1: {}

  tslib@2.8.1: {}

  typescript@5.7.2: {}

  undici-types@6.20.0: {}
